
Microsoft Visual Studio Solution File, Format Version 10.00
# Visual Studio 2008
Project("{F184B08F-C81C-45F6-A57F-5ABD9991F28F}") = "BaseLib", "..\..\..\BaseLib\BaseLib.vbproj", "{9E3A6FA5-AC4D-4851-B01C-DD1D43E6B737}"
EndProject
Project("{F184B08F-C81C-45F6-A57F-5ABD9991F28F}") = "TestingAutomation", "TestingAutomation\TestingAutomation.vbproj", "{642B8BA3-164A-4CA2-9C18-B13193A491F2}"
EndProject
Project("{F184B08F-C81C-45F6-A57F-5ABD9991F28F}") = "ProjectUpdateLibrary", "..\..\..\ProjectUpdates\ProjectUpdateLibrary\ProjectUpdateLibrary\ProjectUpdateLibrary.vbproj", "{8FBDD5E7-68D5-4F42-8B1A-50EDAD15E8A6}"
EndProject
Project("{F184B08F-C81C-45F6-A57F-5ABD9991F28F}") = "CsstAutomation", "CsstAutomation\CsstAutomation.vbproj", "{A2C9D1EF-B9FE-4D62-805F-944AB643525E}"
EndProject
Global
	GlobalSection(SolutionConfigurationPlatforms) = preSolution
		Debug|Any CPU = Debug|Any CPU
		Debug|x86 = Debug|x86
		Release|Any CPU = Release|Any CPU
		Release|x86 = Release|x86
		Temp|Any CPU = Temp|Any CPU
		Temp|x86 = Temp|x86
	EndGlobalSection
	GlobalSection(ProjectConfigurationPlatforms) = postSolution
		{9E3A6FA5-AC4D-4851-B01C-DD1D43E6B737}.Debug|Any CPU.ActiveCfg = Debug|Any CPU
		{9E3A6FA5-AC4D-4851-B01C-DD1D43E6B737}.Debug|Any CPU.Build.0 = Debug|Any CPU
		{9E3A6FA5-AC4D-4851-B01C-DD1D43E6B737}.Debug|x86.ActiveCfg = Debug|x86
		{9E3A6FA5-AC4D-4851-B01C-DD1D43E6B737}.Debug|x86.Build.0 = Debug|x86
		{9E3A6FA5-AC4D-4851-B01C-DD1D43E6B737}.Release|Any CPU.ActiveCfg = Release|Any CPU
		{9E3A6FA5-AC4D-4851-B01C-DD1D43E6B737}.Release|Any CPU.Build.0 = Release|Any CPU
		{9E3A6FA5-AC4D-4851-B01C-DD1D43E6B737}.Release|x86.ActiveCfg = Release|x86
		{9E3A6FA5-AC4D-4851-B01C-DD1D43E6B737}.Release|x86.Build.0 = Release|x86
		{9E3A6FA5-AC4D-4851-B01C-DD1D43E6B737}.Temp|Any CPU.ActiveCfg = Temp|Any CPU
		{9E3A6FA5-AC4D-4851-B01C-DD1D43E6B737}.Temp|Any CPU.Build.0 = Temp|Any CPU
		{9E3A6FA5-AC4D-4851-B01C-DD1D43E6B737}.Temp|x86.ActiveCfg = Temp|x86
		{9E3A6FA5-AC4D-4851-B01C-DD1D43E6B737}.Temp|x86.Build.0 = Temp|x86
		{642B8BA3-164A-4CA2-9C18-B13193A491F2}.Debug|Any CPU.ActiveCfg = Debug|Any CPU
		{642B8BA3-164A-4CA2-9C18-B13193A491F2}.Debug|Any CPU.Build.0 = Debug|Any CPU
		{642B8BA3-164A-4CA2-9C18-B13193A491F2}.Debug|x86.ActiveCfg = Debug|x86
		{642B8BA3-164A-4CA2-9C18-B13193A491F2}.Debug|x86.Build.0 = Debug|x86
		{642B8BA3-164A-4CA2-9C18-B13193A491F2}.Release|Any CPU.ActiveCfg = Release|Any CPU
		{642B8BA3-164A-4CA2-9C18-B13193A491F2}.Release|Any CPU.Build.0 = Release|Any CPU
		{642B8BA3-164A-4CA2-9C18-B13193A491F2}.Release|x86.ActiveCfg = Release|Any CPU
		{642B8BA3-164A-4CA2-9C18-B13193A491F2}.Temp|Any CPU.ActiveCfg = Release|Any CPU
		{642B8BA3-164A-4CA2-9C18-B13193A491F2}.Temp|Any CPU.Build.0 = Release|Any CPU
		{642B8BA3-164A-4CA2-9C18-B13193A491F2}.Temp|x86.ActiveCfg = Release|Any CPU
		{8FBDD5E7-68D5-4F42-8B1A-50EDAD15E8A6}.Debug|Any CPU.ActiveCfg = Debug|Any CPU
		{8FBDD5E7-68D5-4F42-8B1A-50EDAD15E8A6}.Debug|Any CPU.Build.0 = Debug|Any CPU
		{8FBDD5E7-68D5-4F42-8B1A-50EDAD15E8A6}.Debug|x86.ActiveCfg = Debug|x86
		{8FBDD5E7-68D5-4F42-8B1A-50EDAD15E8A6}.Debug|x86.Build.0 = Debug|x86
		{8FBDD5E7-68D5-4F42-8B1A-50EDAD15E8A6}.Release|Any CPU.ActiveCfg = Release|Any CPU
		{8FBDD5E7-68D5-4F42-8B1A-50EDAD15E8A6}.Release|Any CPU.Build.0 = Release|Any CPU
		{8FBDD5E7-68D5-4F42-8B1A-50EDAD15E8A6}.Release|x86.ActiveCfg = Release|x86
		{8FBDD5E7-68D5-4F42-8B1A-50EDAD15E8A6}.Release|x86.Build.0 = Release|x86
		{8FBDD5E7-68D5-4F42-8B1A-50EDAD15E8A6}.Temp|Any CPU.ActiveCfg = Temp|Any CPU
		{8FBDD5E7-68D5-4F42-8B1A-50EDAD15E8A6}.Temp|Any CPU.Build.0 = Temp|Any CPU
		{8FBDD5E7-68D5-4F42-8B1A-50EDAD15E8A6}.Temp|x86.ActiveCfg = Temp|x86
		{8FBDD5E7-68D5-4F42-8B1A-50EDAD15E8A6}.Temp|x86.Build.0 = Temp|x86
		{A2C9D1EF-B9FE-4D62-805F-944AB643525E}.Debug|Any CPU.ActiveCfg = Debug|Any CPU
		{A2C9D1EF-B9FE-4D62-805F-944AB643525E}.Debug|Any CPU.Build.0 = Debug|Any CPU
		{A2C9D1EF-B9FE-4D62-805F-944AB643525E}.Debug|x86.ActiveCfg = Debug|x86
		{A2C9D1EF-B9FE-4D62-805F-944AB643525E}.Debug|x86.Build.0 = Debug|x86
		{A2C9D1EF-B9FE-4D62-805F-944AB643525E}.Release|Any CPU.ActiveCfg = Release|Any CPU
		{A2C9D1EF-B9FE-4D62-805F-944AB643525E}.Release|Any CPU.Build.0 = Release|Any CPU
		{A2C9D1EF-B9FE-4D62-805F-944AB643525E}.Release|x86.ActiveCfg = Release|Any CPU
		{A2C9D1EF-B9FE-4D62-805F-944AB643525E}.Temp|Any CPU.ActiveCfg = Release|Any CPU
		{A2C9D1EF-B9FE-4D62-805F-944AB643525E}.Temp|Any CPU.Build.0 = Release|Any CPU
		{A2C9D1EF-B9FE-4D62-805F-944AB643525E}.Temp|x86.ActiveCfg = Release|Any CPU
	EndGlobalSection
	GlobalSection(SolutionProperties) = preSolution
		HideSolutionNode = FALSE
	EndGlobalSection
EndGlobal
