
Microsoft Visual Studio Solution File, Format Version 9.00
# Visual Basic Express 2005
Project("{F184B08F-C81C-45F6-A57F-5ABD9991F28F}") = "HorairesUpdate", "HorairesUpdate.vbproj", "{E060A238-0A6E-49F1-8B1E-1111F34531AF}"
EndProject
Global
	GlobalSection(SolutionConfigurationPlatforms) = preSolution
		Debug|Any CPU = Debug|Any CPU
		Release|Any CPU = Release|Any CPU
	EndGlobalSection
	GlobalSection(ProjectConfigurationPlatforms) = postSolution
		{E060A238-0A6E-49F1-8B1E-1111F34531AF}.Debug|Any CPU.ActiveCfg = Debug|Any CPU
		{E060A238-0A6E-49F1-8B1E-1111F34531AF}.Debug|Any CPU.Build.0 = Debug|Any CPU
		{E060A238-0A6E-49F1-8B1E-1111F34531AF}.Release|Any CPU.ActiveCfg = Release|Any CPU
		{E060A238-0A6E-49F1-8B1E-1111F34531AF}.Release|Any CPU.Build.0 = Release|Any CPU
	EndGlobalSection
	GlobalSection(SolutionProperties) = preSolution
		HideSolutionNode = FALSE
	EndGlobalSection
EndGlobal
